
Microsoft Visual Studio Solution File, Format Version 12.00
# Visual Studio 15
VisualStudioVersion = 15.0.26124.0
MinimumVisualStudioVersion = 15.0.26124.0
Project("{2150E333-8FDC-42A3-9474-1A3956D46DE8}") = "src", "src", "{7FFD9889-F849-479C-B2F6-463217DAD2A8}"
EndProject
Project("{FAE04EC0-301F-11D3-BF4B-00C04F79EFBC}") = "FizzBuzz", "src\Step1\FizzBuzz.csproj", "{11B482E5-FE99-4117-94BA-1B631E31CBAC}"
EndProject
Project("{FAE04EC0-301F-11D3-BF4B-00C04F79EFBC}") = "FizzBuzz", "src\Step2\FizzBuzz.csproj", "{16859F13-0AC6-4843-8D16-09BE0D7E4C30}"
EndProject
Project("{FAE04EC0-301F-11D3-BF4B-00C04F79EFBC}") = "FizzBuzz", "src\Step3\FizzBuzz.csproj", "{C2B0003C-09CF-474A-8506-D0FA5C841576}"
EndProject
Project("{2150E333-8FDC-42A3-9474-1A3956D46DE8}") = "Step1", "Step1", "{ED421867-A0E6-41E0-9C81-ED5BD3A38D37}"
EndProject
Project("{2150E333-8FDC-42A3-9474-1A3956D46DE8}") = "Step2", "Step2", "{9AA562DB-40DE-4410-9AF4-C49B1E5A4A1D}"
EndProject
Project("{2150E333-8FDC-42A3-9474-1A3956D46DE8}") = "Step3", "Step3", "{4CF877A8-BA10-4387-951A-C17CE9580666}"
EndProject
Project("{2150E333-8FDC-42A3-9474-1A3956D46DE8}") = "Step4", "Step4", "{0C9D997C-C5A0-4A9F-923B-3BCBD48F1C72}"
EndProject
Project("{FAE04EC0-301F-11D3-BF4B-00C04F79EFBC}") = "FizzBuzz", "src\Step4\FizzBuzz.csproj", "{A1ED9742-18CB-498F-86A5-B845815441E1}"
EndProject
Global
	GlobalSection(SolutionConfigurationPlatforms) = preSolution
		Debug|Any CPU = Debug|Any CPU
		Debug|x64 = Debug|x64
		Debug|x86 = Debug|x86
		Release|Any CPU = Release|Any CPU
		Release|x64 = Release|x64
		Release|x86 = Release|x86
	EndGlobalSection
	GlobalSection(SolutionProperties) = preSolution
		HideSolutionNode = FALSE
	EndGlobalSection
	GlobalSection(ProjectConfigurationPlatforms) = postSolution
		{11B482E5-FE99-4117-94BA-1B631E31CBAC}.Debug|Any CPU.ActiveCfg = Debug|Any CPU
		{11B482E5-FE99-4117-94BA-1B631E31CBAC}.Debug|Any CPU.Build.0 = Debug|Any CPU
		{11B482E5-FE99-4117-94BA-1B631E31CBAC}.Debug|x64.ActiveCfg = Debug|Any CPU
		{11B482E5-FE99-4117-94BA-1B631E31CBAC}.Debug|x64.Build.0 = Debug|Any CPU
		{11B482E5-FE99-4117-94BA-1B631E31CBAC}.Debug|x86.ActiveCfg = Debug|Any CPU
		{11B482E5-FE99-4117-94BA-1B631E31CBAC}.Debug|x86.Build.0 = Debug|Any CPU
		{11B482E5-FE99-4117-94BA-1B631E31CBAC}.Release|Any CPU.ActiveCfg = Release|Any CPU
		{11B482E5-FE99-4117-94BA-1B631E31CBAC}.Release|Any CPU.Build.0 = Release|Any CPU
		{11B482E5-FE99-4117-94BA-1B631E31CBAC}.Release|x64.ActiveCfg = Release|Any CPU
		{11B482E5-FE99-4117-94BA-1B631E31CBAC}.Release|x64.Build.0 = Release|Any CPU
		{11B482E5-FE99-4117-94BA-1B631E31CBAC}.Release|x86.ActiveCfg = Release|Any CPU
		{11B482E5-FE99-4117-94BA-1B631E31CBAC}.Release|x86.Build.0 = Release|Any CPU
		{16859F13-0AC6-4843-8D16-09BE0D7E4C30}.Debug|Any CPU.ActiveCfg = Debug|Any CPU
		{16859F13-0AC6-4843-8D16-09BE0D7E4C30}.Debug|Any CPU.Build.0 = Debug|Any CPU
		{16859F13-0AC6-4843-8D16-09BE0D7E4C30}.Debug|x64.ActiveCfg = Debug|Any CPU
		{16859F13-0AC6-4843-8D16-09BE0D7E4C30}.Debug|x64.Build.0 = Debug|Any CPU
		{16859F13-0AC6-4843-8D16-09BE0D7E4C30}.Debug|x86.ActiveCfg = Debug|Any CPU
		{16859F13-0AC6-4843-8D16-09BE0D7E4C30}.Debug|x86.Build.0 = Debug|Any CPU
		{16859F13-0AC6-4843-8D16-09BE0D7E4C30}.Release|Any CPU.ActiveCfg = Release|Any CPU
		{16859F13-0AC6-4843-8D16-09BE0D7E4C30}.Release|Any CPU.Build.0 = Release|Any CPU
		{16859F13-0AC6-4843-8D16-09BE0D7E4C30}.Release|x64.ActiveCfg = Release|Any CPU
		{16859F13-0AC6-4843-8D16-09BE0D7E4C30}.Release|x64.Build.0 = Release|Any CPU
		{16859F13-0AC6-4843-8D16-09BE0D7E4C30}.Release|x86.ActiveCfg = Release|Any CPU
		{16859F13-0AC6-4843-8D16-09BE0D7E4C30}.Release|x86.Build.0 = Release|Any CPU
		{C2B0003C-09CF-474A-8506-D0FA5C841576}.Debug|Any CPU.ActiveCfg = Debug|Any CPU
		{C2B0003C-09CF-474A-8506-D0FA5C841576}.Debug|Any CPU.Build.0 = Debug|Any CPU
		{C2B0003C-09CF-474A-8506-D0FA5C841576}.Debug|x64.ActiveCfg = Debug|Any CPU
		{C2B0003C-09CF-474A-8506-D0FA5C841576}.Debug|x64.Build.0 = Debug|Any CPU
		{C2B0003C-09CF-474A-8506-D0FA5C841576}.Debug|x86.ActiveCfg = Debug|Any CPU
		{C2B0003C-09CF-474A-8506-D0FA5C841576}.Debug|x86.Build.0 = Debug|Any CPU
		{C2B0003C-09CF-474A-8506-D0FA5C841576}.Release|Any CPU.ActiveCfg = Release|Any CPU
		{C2B0003C-09CF-474A-8506-D0FA5C841576}.Release|Any CPU.Build.0 = Release|Any CPU
		{C2B0003C-09CF-474A-8506-D0FA5C841576}.Release|x64.ActiveCfg = Release|Any CPU
		{C2B0003C-09CF-474A-8506-D0FA5C841576}.Release|x64.Build.0 = Release|Any CPU
		{C2B0003C-09CF-474A-8506-D0FA5C841576}.Release|x86.ActiveCfg = Release|Any CPU
		{C2B0003C-09CF-474A-8506-D0FA5C841576}.Release|x86.Build.0 = Release|Any CPU
		{A1ED9742-18CB-498F-86A5-B845815441E1}.Debug|Any CPU.ActiveCfg = Debug|Any CPU
		{A1ED9742-18CB-498F-86A5-B845815441E1}.Debug|Any CPU.Build.0 = Debug|Any CPU
		{A1ED9742-18CB-498F-86A5-B845815441E1}.Debug|x64.ActiveCfg = Debug|Any CPU
		{A1ED9742-18CB-498F-86A5-B845815441E1}.Debug|x64.Build.0 = Debug|Any CPU
		{A1ED9742-18CB-498F-86A5-B845815441E1}.Debug|x86.ActiveCfg = Debug|Any CPU
		{A1ED9742-18CB-498F-86A5-B845815441E1}.Debug|x86.Build.0 = Debug|Any CPU
		{A1ED9742-18CB-498F-86A5-B845815441E1}.Release|Any CPU.ActiveCfg = Release|Any CPU
		{A1ED9742-18CB-498F-86A5-B845815441E1}.Release|Any CPU.Build.0 = Release|Any CPU
		{A1ED9742-18CB-498F-86A5-B845815441E1}.Release|x64.ActiveCfg = Release|Any CPU
		{A1ED9742-18CB-498F-86A5-B845815441E1}.Release|x64.Build.0 = Release|Any CPU
		{A1ED9742-18CB-498F-86A5-B845815441E1}.Release|x86.ActiveCfg = Release|Any CPU
		{A1ED9742-18CB-498F-86A5-B845815441E1}.Release|x86.Build.0 = Release|Any CPU
	EndGlobalSection
	GlobalSection(NestedProjects) = preSolution
		{ED421867-A0E6-41E0-9C81-ED5BD3A38D37} = {7FFD9889-F849-479C-B2F6-463217DAD2A8}
		{11B482E5-FE99-4117-94BA-1B631E31CBAC} = {ED421867-A0E6-41E0-9C81-ED5BD3A38D37}
		{9AA562DB-40DE-4410-9AF4-C49B1E5A4A1D} = {7FFD9889-F849-479C-B2F6-463217DAD2A8}
		{16859F13-0AC6-4843-8D16-09BE0D7E4C30} = {9AA562DB-40DE-4410-9AF4-C49B1E5A4A1D}
		{4CF877A8-BA10-4387-951A-C17CE9580666} = {7FFD9889-F849-479C-B2F6-463217DAD2A8}
		{C2B0003C-09CF-474A-8506-D0FA5C841576} = {4CF877A8-BA10-4387-951A-C17CE9580666}
		{0C9D997C-C5A0-4A9F-923B-3BCBD48F1C72} = {7FFD9889-F849-479C-B2F6-463217DAD2A8}
		{A1ED9742-18CB-498F-86A5-B845815441E1} = {0C9D997C-C5A0-4A9F-923B-3BCBD48F1C72}
	EndGlobalSection
EndGlobal
